
Microsoft Visual Studio Solution File, Format Version 12.00
# Visual Studio Version 17
VisualStudioVersion = 17.6.33829.357
MinimumVisualStudioVersion = 10.0.40219.1
Project("{8BC9CEB8-8B4A-11D0-8D11-00A0C91BC942}") = "for_00", "for_00\for_00.vcxproj", "{B7FF960B-B759-4BC8-B195-3309EB0C1A54}"
EndProject
Project("{8BC9CEB8-8B4A-11D0-8D11-00A0C91BC942}") = "for_01", "for_01\for_01.vcxproj", "{CBD73E8F-5FC8-488B-863D-9998F69FBD62}"
EndProject
Project("{8BC9CEB8-8B4A-11D0-8D11-00A0C91BC942}") = "if_else_00", "if_else_00\if_else_00.vcxproj", "{5202EAD1-F5F2-43F3-93BC-D5D8C0F8C395}"
EndProject
Project("{8BC9CEB8-8B4A-11D0-8D11-00A0C91BC942}") = "if_else_01", "if_else_01\if_else_01.vcxproj", "{A62133E8-14D1-44EA-9AC2-B9F22A3A07F1}"
EndProject
Project("{8BC9CEB8-8B4A-11D0-8D11-00A0C91BC942}") = "if_else_02", "if_else_02\if_else_02.vcxproj", "{F189CEF6-FEDA-448D-A05F-0FA7049B2770}"
EndProject
Project("{8BC9CEB8-8B4A-11D0-8D11-00A0C91BC942}") = "if_else_03", "if_else_03\if_else_03.vcxproj", "{AC38AE98-C01F-4BE2-98E6-BB3FEB759654}"
EndProject
Project("{8BC9CEB8-8B4A-11D0-8D11-00A0C91BC942}") = "massiv_00", "massiv_00\massiv_00.vcxproj", "{4C771DA9-D126-49A7-9233-A0214BFCD083}"
EndProject
Project("{8BC9CEB8-8B4A-11D0-8D11-00A0C91BC942}") = "massiv_01", "massiv_01\massiv_01.vcxproj", "{4960D900-2D0D-4F1D-B219-710817AFBEB9}"
EndProject
Project("{8BC9CEB8-8B4A-11D0-8D11-00A0C91BC942}") = "switch_00", "switch_00\switch_00.vcxproj", "{8197C2A8-91A2-4C85-8A07-E0245DB65700}"
EndProject
Project("{8BC9CEB8-8B4A-11D0-8D11-00A0C91BC942}") = "switch_01", "switch_01\switch_01.vcxproj", "{9BD46249-3A92-4E7C-9541-70886862A7EA}"
EndProject
Project("{8BC9CEB8-8B4A-11D0-8D11-00A0C91BC942}") = "while_00", "while_00\while_00.vcxproj", "{0122509E-8789-480D-AF1C-55D1F70A9FE0}"
EndProject
Project("{8BC9CEB8-8B4A-11D0-8D11-00A0C91BC942}") = "while_01", "while_01\while_01.vcxproj", "{21C7718B-F959-4BC6-948C-6F95D9FCFB3C}"
EndProject
Project("{8BC9CEB8-8B4A-11D0-8D11-00A0C91BC942}") = "if_else_04", "if_else_04\if_else_04.vcxproj", "{346538E1-B65A-429E-9252-5230F4E00B4F}"
EndProject
Project("{8BC9CEB8-8B4A-11D0-8D11-00A0C91BC942}") = "if_else_05", "if_else_05\if_else_05.vcxproj", "{D3702CBB-BAB5-4D6F-B636-42190C54A2E8}"
EndProject
Project("{8BC9CEB8-8B4A-11D0-8D11-00A0C91BC942}") = "for_02", "for_02\for_02.vcxproj", "{DDD1DAE4-2736-4046-A1A1-7B6364E99BC2}"
EndProject
Project("{8BC9CEB8-8B4A-11D0-8D11-00A0C91BC942}") = "vector_00", "vector_00\vector_00.vcxproj", "{D65BAA89-A0EC-494A-8EDC-616CF1E3B7A7}"
EndProject
Project("{8BC9CEB8-8B4A-11D0-8D11-00A0C91BC942}") = "Foo_01", "Foo_01\Foo_01.vcxproj", "{9F353963-1431-494A-8B12-B8A8C18C9718}"
EndProject
Project("{8BC9CEB8-8B4A-11D0-8D11-00A0C91BC942}") = "while_02", "while_02\while_02.vcxproj", "{45798BE3-4323-434D-ACB4-DD1B523D7B92}"
EndProject
Project("{8BC9CEB8-8B4A-11D0-8D11-00A0C91BC942}") = "class_00", "class_00\class_00.vcxproj", "{EABAD1CD-BF03-4B81-99CD-7877FE21F037}"
EndProject
Project("{8BC9CEB8-8B4A-11D0-8D11-00A0C91BC942}") = "vector_01", "vector_01\vector_01.vcxproj", "{68419D16-3418-449D-ACB8-A83A0546CF9A}"
EndProject
Global
	GlobalSection(SolutionConfigurationPlatforms) = preSolution
		Debug|x64 = Debug|x64
		Debug|x86 = Debug|x86
		Release|x64 = Release|x64
		Release|x86 = Release|x86
	EndGlobalSection
	GlobalSection(ProjectConfigurationPlatforms) = postSolution
		{B7FF960B-B759-4BC8-B195-3309EB0C1A54}.Debug|x64.ActiveCfg = Debug|x64
		{B7FF960B-B759-4BC8-B195-3309EB0C1A54}.Debug|x64.Build.0 = Debug|x64
		{B7FF960B-B759-4BC8-B195-3309EB0C1A54}.Debug|x86.ActiveCfg = Debug|Win32
		{B7FF960B-B759-4BC8-B195-3309EB0C1A54}.Debug|x86.Build.0 = Debug|Win32
		{B7FF960B-B759-4BC8-B195-3309EB0C1A54}.Release|x64.ActiveCfg = Release|x64
		{B7FF960B-B759-4BC8-B195-3309EB0C1A54}.Release|x64.Build.0 = Release|x64
		{B7FF960B-B759-4BC8-B195-3309EB0C1A54}.Release|x86.ActiveCfg = Release|Win32
		{B7FF960B-B759-4BC8-B195-3309EB0C1A54}.Release|x86.Build.0 = Release|Win32
		{CBD73E8F-5FC8-488B-863D-9998F69FBD62}.Debug|x64.ActiveCfg = Debug|x64
		{CBD73E8F-5FC8-488B-863D-9998F69FBD62}.Debug|x64.Build.0 = Debug|x64
		{CBD73E8F-5FC8-488B-863D-9998F69FBD62}.Debug|x86.ActiveCfg = Debug|Win32
		{CBD73E8F-5FC8-488B-863D-9998F69FBD62}.Debug|x86.Build.0 = Debug|Win32
		{CBD73E8F-5FC8-488B-863D-9998F69FBD62}.Release|x64.ActiveCfg = Release|x64
		{CBD73E8F-5FC8-488B-863D-9998F69FBD62}.Release|x64.Build.0 = Release|x64
		{CBD73E8F-5FC8-488B-863D-9998F69FBD62}.Release|x86.ActiveCfg = Release|Win32
		{CBD73E8F-5FC8-488B-863D-9998F69FBD62}.Release|x86.Build.0 = Release|Win32
		{5202EAD1-F5F2-43F3-93BC-D5D8C0F8C395}.Debug|x64.ActiveCfg = Debug|x64
		{5202EAD1-F5F2-43F3-93BC-D5D8C0F8C395}.Debug|x64.Build.0 = Debug|x64
		{5202EAD1-F5F2-43F3-93BC-D5D8C0F8C395}.Debug|x86.ActiveCfg = Debug|Win32
		{5202EAD1-F5F2-43F3-93BC-D5D8C0F8C395}.Debug|x86.Build.0 = Debug|Win32
		{5202EAD1-F5F2-43F3-93BC-D5D8C0F8C395}.Release|x64.ActiveCfg = Release|x64
		{5202EAD1-F5F2-43F3-93BC-D5D8C0F8C395}.Release|x64.Build.0 = Release|x64
		{5202EAD1-F5F2-43F3-93BC-D5D8C0F8C395}.Release|x86.ActiveCfg = Release|Win32
		{5202EAD1-F5F2-43F3-93BC-D5D8C0F8C395}.Release|x86.Build.0 = Release|Win32
		{A62133E8-14D1-44EA-9AC2-B9F22A3A07F1}.Debug|x64.ActiveCfg = Debug|x64
		{A62133E8-14D1-44EA-9AC2-B9F22A3A07F1}.Debug|x64.Build.0 = Debug|x64
		{A62133E8-14D1-44EA-9AC2-B9F22A3A07F1}.Debug|x86.ActiveCfg = Debug|Win32
		{A62133E8-14D1-44EA-9AC2-B9F22A3A07F1}.Debug|x86.Build.0 = Debug|Win32
		{A62133E8-14D1-44EA-9AC2-B9F22A3A07F1}.Release|x64.ActiveCfg = Release|x64
		{A62133E8-14D1-44EA-9AC2-B9F22A3A07F1}.Release|x64.Build.0 = Release|x64
		{A62133E8-14D1-44EA-9AC2-B9F22A3A07F1}.Release|x86.ActiveCfg = Release|Win32
		{A62133E8-14D1-44EA-9AC2-B9F22A3A07F1}.Release|x86.Build.0 = Release|Win32
		{F189CEF6-FEDA-448D-A05F-0FA7049B2770}.Debug|x64.ActiveCfg = Debug|x64
		{F189CEF6-FEDA-448D-A05F-0FA7049B2770}.Debug|x64.Build.0 = Debug|x64
		{F189CEF6-FEDA-448D-A05F-0FA7049B2770}.Debug|x86.ActiveCfg = Debug|Win32
		{F189CEF6-FEDA-448D-A05F-0FA7049B2770}.Debug|x86.Build.0 = Debug|Win32
		{F189CEF6-FEDA-448D-A05F-0FA7049B2770}.Release|x64.ActiveCfg = Release|x64
		{F189CEF6-FEDA-448D-A05F-0FA7049B2770}.Release|x64.Build.0 = Release|x64
		{F189CEF6-FEDA-448D-A05F-0FA7049B2770}.Release|x86.ActiveCfg = Release|Win32
		{F189CEF6-FEDA-448D-A05F-0FA7049B2770}.Release|x86.Build.0 = Release|Win32
		{AC38AE98-C01F-4BE2-98E6-BB3FEB759654}.Debug|x64.ActiveCfg = Debug|x64
		{AC38AE98-C01F-4BE2-98E6-BB3FEB759654}.Debug|x64.Build.0 = Debug|x64
		{AC38AE98-C01F-4BE2-98E6-BB3FEB759654}.Debug|x86.ActiveCfg = Debug|Win32
		{AC38AE98-C01F-4BE2-98E6-BB3FEB759654}.Debug|x86.Build.0 = Debug|Win32
		{AC38AE98-C01F-4BE2-98E6-BB3FEB759654}.Release|x64.ActiveCfg = Release|x64
		{AC38AE98-C01F-4BE2-98E6-BB3FEB759654}.Release|x64.Build.0 = Release|x64
		{AC38AE98-C01F-4BE2-98E6-BB3FEB759654}.Release|x86.ActiveCfg = Release|Win32
		{AC38AE98-C01F-4BE2-98E6-BB3FEB759654}.Release|x86.Build.0 = Release|Win32
		{4C771DA9-D126-49A7-9233-A0214BFCD083}.Debug|x64.ActiveCfg = Debug|x64
		{4C771DA9-D126-49A7-9233-A0214BFCD083}.Debug|x64.Build.0 = Debug|x64
		{4C771DA9-D126-49A7-9233-A0214BFCD083}.Debug|x86.ActiveCfg = Debug|Win32
		{4C771DA9-D126-49A7-9233-A0214BFCD083}.Debug|x86.Build.0 = Debug|Win32
		{4C771DA9-D126-49A7-9233-A0214BFCD083}.Release|x64.ActiveCfg = Release|x64
		{4C771DA9-D126-49A7-9233-A0214BFCD083}.Release|x64.Build.0 = Release|x64
		{4C771DA9-D126-49A7-9233-A0214BFCD083}.Release|x86.ActiveCfg = Release|Win32
		{4C771DA9-D126-49A7-9233-A0214BFCD083}.Release|x86.Build.0 = Release|Win32
		{4960D900-2D0D-4F1D-B219-710817AFBEB9}.Debug|x64.ActiveCfg = Debug|x64
		{4960D900-2D0D-4F1D-B219-710817AFBEB9}.Debug|x64.Build.0 = Debug|x64
		{4960D900-2D0D-4F1D-B219-710817AFBEB9}.Debug|x86.ActiveCfg = Debug|Win32
		{4960D900-2D0D-4F1D-B219-710817AFBEB9}.Debug|x86.Build.0 = Debug|Win32
		{4960D900-2D0D-4F1D-B219-710817AFBEB9}.Release|x64.ActiveCfg = Release|x64
		{4960D900-2D0D-4F1D-B219-710817AFBEB9}.Release|x64.Build.0 = Release|x64
		{4960D900-2D0D-4F1D-B219-710817AFBEB9}.Release|x86.ActiveCfg = Release|Win32
		{4960D900-2D0D-4F1D-B219-710817AFBEB9}.Release|x86.Build.0 = Release|Win32
		{8197C2A8-91A2-4C85-8A07-E0245DB65700}.Debug|x64.ActiveCfg = Debug|x64
		{8197C2A8-91A2-4C85-8A07-E0245DB65700}.Debug|x64.Build.0 = Debug|x64
		{8197C2A8-91A2-4C85-8A07-E0245DB65700}.Debug|x86.ActiveCfg = Debug|Win32
		{8197C2A8-91A2-4C85-8A07-E0245DB65700}.Debug|x86.Build.0 = Debug|Win32
		{8197C2A8-91A2-4C85-8A07-E0245DB65700}.Release|x64.ActiveCfg = Release|x64
		{8197C2A8-91A2-4C85-8A07-E0245DB65700}.Release|x64.Build.0 = Release|x64
		{8197C2A8-91A2-4C85-8A07-E0245DB65700}.Release|x86.ActiveCfg = Release|Win32
		{8197C2A8-91A2-4C85-8A07-E0245DB65700}.Release|x86.Build.0 = Release|Win32
		{9BD46249-3A92-4E7C-9541-70886862A7EA}.Debug|x64.ActiveCfg = Debug|x64
		{9BD46249-3A92-4E7C-9541-70886862A7EA}.Debug|x64.Build.0 = Debug|x64
		{9BD46249-3A92-4E7C-9541-70886862A7EA}.Debug|x86.ActiveCfg = Debug|Win32
		{9BD46249-3A92-4E7C-9541-70886862A7EA}.Debug|x86.Build.0 = Debug|Win32
		{9BD46249-3A92-4E7C-9541-70886862A7EA}.Release|x64.ActiveCfg = Release|x64
		{9BD46249-3A92-4E7C-9541-70886862A7EA}.Release|x64.Build.0 = Release|x64
		{9BD46249-3A92-4E7C-9541-70886862A7EA}.Release|x86.ActiveCfg = Release|Win32
		{9BD46249-3A92-4E7C-9541-70886862A7EA}.Release|x86.Build.0 = Release|Win32
		{0122509E-8789-480D-AF1C-55D1F70A9FE0}.Debug|x64.ActiveCfg = Debug|x64
		{0122509E-8789-480D-AF1C-55D1F70A9FE0}.Debug|x64.Build.0 = Debug|x64
		{0122509E-8789-480D-AF1C-55D1F70A9FE0}.Debug|x86.ActiveCfg = Debug|Win32
		{0122509E-8789-480D-AF1C-55D1F70A9FE0}.Debug|x86.Build.0 = Debug|Win32
		{0122509E-8789-480D-AF1C-55D1F70A9FE0}.Release|x64.ActiveCfg = Release|x64
		{0122509E-8789-480D-AF1C-55D1F70A9FE0}.Release|x64.Build.0 = Release|x64
		{0122509E-8789-480D-AF1C-55D1F70A9FE0}.Release|x86.ActiveCfg = Release|Win32
		{0122509E-8789-480D-AF1C-55D1F70A9FE0}.Release|x86.Build.0 = Release|Win32
		{21C7718B-F959-4BC6-948C-6F95D9FCFB3C}.Debug|x64.ActiveCfg = Debug|x64
		{21C7718B-F959-4BC6-948C-6F95D9FCFB3C}.Debug|x64.Build.0 = Debug|x64
		{21C7718B-F959-4BC6-948C-6F95D9FCFB3C}.Debug|x86.ActiveCfg = Debug|Win32
		{21C7718B-F959-4BC6-948C-6F95D9FCFB3C}.Debug|x86.Build.0 = Debug|Win32
		{21C7718B-F959-4BC6-948C-6F95D9FCFB3C}.Release|x64.ActiveCfg = Release|x64
		{21C7718B-F959-4BC6-948C-6F95D9FCFB3C}.Release|x64.Build.0 = Release|x64
		{21C7718B-F959-4BC6-948C-6F95D9FCFB3C}.Release|x86.ActiveCfg = Release|Win32
		{21C7718B-F959-4BC6-948C-6F95D9FCFB3C}.Release|x86.Build.0 = Release|Win32
		{346538E1-B65A-429E-9252-5230F4E00B4F}.Debug|x64.ActiveCfg = Debug|x64
		{346538E1-B65A-429E-9252-5230F4E00B4F}.Debug|x64.Build.0 = Debug|x64
		{346538E1-B65A-429E-9252-5230F4E00B4F}.Debug|x86.ActiveCfg = Debug|Win32
		{346538E1-B65A-429E-9252-5230F4E00B4F}.Debug|x86.Build.0 = Debug|Win32
		{346538E1-B65A-429E-9252-5230F4E00B4F}.Release|x64.ActiveCfg = Release|x64
		{346538E1-B65A-429E-9252-5230F4E00B4F}.Release|x64.Build.0 = Release|x64
		{346538E1-B65A-429E-9252-5230F4E00B4F}.Release|x86.ActiveCfg = Release|Win32
		{346538E1-B65A-429E-9252-5230F4E00B4F}.Release|x86.Build.0 = Release|Win32
		{D3702CBB-BAB5-4D6F-B636-42190C54A2E8}.Debug|x64.ActiveCfg = Debug|x64
		{D3702CBB-BAB5-4D6F-B636-42190C54A2E8}.Debug|x64.Build.0 = Debug|x64
		{D3702CBB-BAB5-4D6F-B636-42190C54A2E8}.Debug|x86.ActiveCfg = Debug|Win32
		{D3702CBB-BAB5-4D6F-B636-42190C54A2E8}.Debug|x86.Build.0 = Debug|Win32
		{D3702CBB-BAB5-4D6F-B636-42190C54A2E8}.Release|x64.ActiveCfg = Release|x64
		{D3702CBB-BAB5-4D6F-B636-42190C54A2E8}.Release|x64.Build.0 = Release|x64
		{D3702CBB-BAB5-4D6F-B636-42190C54A2E8}.Release|x86.ActiveCfg = Release|Win32
		{D3702CBB-BAB5-4D6F-B636-42190C54A2E8}.Release|x86.Build.0 = Release|Win32
		{DDD1DAE4-2736-4046-A1A1-7B6364E99BC2}.Debug|x64.ActiveCfg = Debug|x64
		{DDD1DAE4-2736-4046-A1A1-7B6364E99BC2}.Debug|x64.Build.0 = Debug|x64
		{DDD1DAE4-2736-4046-A1A1-7B6364E99BC2}.Debug|x86.ActiveCfg = Debug|Win32
		{DDD1DAE4-2736-4046-A1A1-7B6364E99BC2}.Debug|x86.Build.0 = Debug|Win32
		{DDD1DAE4-2736-4046-A1A1-7B6364E99BC2}.Release|x64.ActiveCfg = Release|x64
		{DDD1DAE4-2736-4046-A1A1-7B6364E99BC2}.Release|x64.Build.0 = Release|x64
		{DDD1DAE4-2736-4046-A1A1-7B6364E99BC2}.Release|x86.ActiveCfg = Release|Win32
		{DDD1DAE4-2736-4046-A1A1-7B6364E99BC2}.Release|x86.Build.0 = Release|Win32
		{D65BAA89-A0EC-494A-8EDC-616CF1E3B7A7}.Debug|x64.ActiveCfg = Debug|x64
		{D65BAA89-A0EC-494A-8EDC-616CF1E3B7A7}.Debug|x64.Build.0 = Debug|x64
		{D65BAA89-A0EC-494A-8EDC-616CF1E3B7A7}.Debug|x86.ActiveCfg = Debug|Win32
		{D65BAA89-A0EC-494A-8EDC-616CF1E3B7A7}.Debug|x86.Build.0 = Debug|Win32
		{D65BAA89-A0EC-494A-8EDC-616CF1E3B7A7}.Release|x64.ActiveCfg = Release|x64
		{D65BAA89-A0EC-494A-8EDC-616CF1E3B7A7}.Release|x64.Build.0 = Release|x64
		{D65BAA89-A0EC-494A-8EDC-616CF1E3B7A7}.Release|x86.ActiveCfg = Release|Win32
		{D65BAA89-A0EC-494A-8EDC-616CF1E3B7A7}.Release|x86.Build.0 = Release|Win32
		{9F353963-1431-494A-8B12-B8A8C18C9718}.Debug|x64.ActiveCfg = Debug|x64
		{9F353963-1431-494A-8B12-B8A8C18C9718}.Debug|x64.Build.0 = Debug|x64
		{9F353963-1431-494A-8B12-B8A8C18C9718}.Debug|x86.ActiveCfg = Debug|Win32
		{9F353963-1431-494A-8B12-B8A8C18C9718}.Debug|x86.Build.0 = Debug|Win32
		{9F353963-1431-494A-8B12-B8A8C18C9718}.Release|x64.ActiveCfg = Release|x64
		{9F353963-1431-494A-8B12-B8A8C18C9718}.Release|x64.Build.0 = Release|x64
		{9F353963-1431-494A-8B12-B8A8C18C9718}.Release|x86.ActiveCfg = Release|Win32
		{9F353963-1431-494A-8B12-B8A8C18C9718}.Release|x86.Build.0 = Release|Win32
		{45798BE3-4323-434D-ACB4-DD1B523D7B92}.Debug|x64.ActiveCfg = Debug|x64
		{45798BE3-4323-434D-ACB4-DD1B523D7B92}.Debug|x64.Build.0 = Debug|x64
		{45798BE3-4323-434D-ACB4-DD1B523D7B92}.Debug|x86.ActiveCfg = Debug|Win32
		{45798BE3-4323-434D-ACB4-DD1B523D7B92}.Debug|x86.Build.0 = Debug|Win32
		{45798BE3-4323-434D-ACB4-DD1B523D7B92}.Release|x64.ActiveCfg = Release|x64
		{45798BE3-4323-434D-ACB4-DD1B523D7B92}.Release|x64.Build.0 = Release|x64
		{45798BE3-4323-434D-ACB4-DD1B523D7B92}.Release|x86.ActiveCfg = Release|Win32
		{45798BE3-4323-434D-ACB4-DD1B523D7B92}.Release|x86.Build.0 = Release|Win32
		{EABAD1CD-BF03-4B81-99CD-7877FE21F037}.Debug|x64.ActiveCfg = Debug|x64
		{EABAD1CD-BF03-4B81-99CD-7877FE21F037}.Debug|x64.Build.0 = Debug|x64
		{EABAD1CD-BF03-4B81-99CD-7877FE21F037}.Debug|x86.ActiveCfg = Debug|Win32
		{EABAD1CD-BF03-4B81-99CD-7877FE21F037}.Debug|x86.Build.0 = Debug|Win32
		{EABAD1CD-BF03-4B81-99CD-7877FE21F037}.Release|x64.ActiveCfg = Release|x64
		{EABAD1CD-BF03-4B81-99CD-7877FE21F037}.Release|x64.Build.0 = Release|x64
		{EABAD1CD-BF03-4B81-99CD-7877FE21F037}.Release|x86.ActiveCfg = Release|Win32
		{EABAD1CD-BF03-4B81-99CD-7877FE21F037}.Release|x86.Build.0 = Release|Win32
		{68419D16-3418-449D-ACB8-A83A0546CF9A}.Debug|x64.ActiveCfg = Debug|x64
		{68419D16-3418-449D-ACB8-A83A0546CF9A}.Debug|x64.Build.0 = Debug|x64
		{68419D16-3418-449D-ACB8-A83A0546CF9A}.Debug|x86.ActiveCfg = Debug|Win32
		{68419D16-3418-449D-ACB8-A83A0546CF9A}.Debug|x86.Build.0 = Debug|Win32
		{68419D16-3418-449D-ACB8-A83A0546CF9A}.Release|x64.ActiveCfg = Release|x64
		{68419D16-3418-449D-ACB8-A83A0546CF9A}.Release|x64.Build.0 = Release|x64
		{68419D16-3418-449D-ACB8-A83A0546CF9A}.Release|x86.ActiveCfg = Release|Win32
		{68419D16-3418-449D-ACB8-A83A0546CF9A}.Release|x86.Build.0 = Release|Win32
	EndGlobalSection
	GlobalSection(SolutionProperties) = preSolution
		HideSolutionNode = FALSE
	EndGlobalSection
	GlobalSection(ExtensibilityGlobals) = postSolution
		SolutionGuid = {A5DB7AA8-2F83-44C6-8069-E78A5B35675B}
	EndGlobalSection
EndGlobal
